
Microsoft Visual Studio Solution File, Format Version 12.00
Project("{FAE04EC0-301F-11D3-BF4B-00C04F79EFBC}") = "PhonebookApp.UI", "PhonebookApp.UI\PhonebookApp.UI.csproj", "{8194338D-8A4F-4F63-8937-5B4E503038F8}"
EndProject
Project("{FAE04EC0-301F-11D3-BF4B-00C04F79EFBC}") = "PhonebookApp.Api", "PhonebookApp.Api\PhonebookApp.Api.csproj", "{4E3F4C8C-00FD-4143-855D-DF8EB01E66AF}"
EndProject
Project("{FAE04EC0-301F-11D3-BF4B-00C04F79EFBC}") = "PhonebookApp.Core", "PhonebookApp.Core\PhonebookApp.Core.csproj", "{E4507F2B-4035-4944-88CD-3C0C36B05402}"
EndProject
Project("{FAE04EC0-301F-11D3-BF4B-00C04F79EFBC}") = "PhonebookApp.UseCases", "PhonebookApp.UseCases\PhonebookApp.UseCases.csproj", "{DD4E187E-1B29-41DE-963B-EF1B7733CD52}"
EndProject
Global
	GlobalSection(SolutionConfigurationPlatforms) = preSolution
		Debug|Any CPU = Debug|Any CPU
		Release|Any CPU = Release|Any CPU
	EndGlobalSection
	GlobalSection(ProjectConfigurationPlatforms) = postSolution
		{8194338D-8A4F-4F63-8937-5B4E503038F8}.Debug|Any CPU.ActiveCfg = Debug|Any CPU
		{8194338D-8A4F-4F63-8937-5B4E503038F8}.Debug|Any CPU.Build.0 = Debug|Any CPU
		{8194338D-8A4F-4F63-8937-5B4E503038F8}.Release|Any CPU.ActiveCfg = Release|Any CPU
		{8194338D-8A4F-4F63-8937-5B4E503038F8}.Release|Any CPU.Build.0 = Release|Any CPU
		{4E3F4C8C-00FD-4143-855D-DF8EB01E66AF}.Debug|Any CPU.ActiveCfg = Debug|Any CPU
		{4E3F4C8C-00FD-4143-855D-DF8EB01E66AF}.Debug|Any CPU.Build.0 = Debug|Any CPU
		{4E3F4C8C-00FD-4143-855D-DF8EB01E66AF}.Release|Any CPU.ActiveCfg = Release|Any CPU
		{4E3F4C8C-00FD-4143-855D-DF8EB01E66AF}.Release|Any CPU.Build.0 = Release|Any CPU
		{E4507F2B-4035-4944-88CD-3C0C36B05402}.Debug|Any CPU.ActiveCfg = Debug|Any CPU
		{E4507F2B-4035-4944-88CD-3C0C36B05402}.Debug|Any CPU.Build.0 = Debug|Any CPU
		{E4507F2B-4035-4944-88CD-3C0C36B05402}.Release|Any CPU.ActiveCfg = Release|Any CPU
		{E4507F2B-4035-4944-88CD-3C0C36B05402}.Release|Any CPU.Build.0 = Release|Any CPU
		{DD4E187E-1B29-41DE-963B-EF1B7733CD52}.Debug|Any CPU.ActiveCfg = Debug|Any CPU
		{DD4E187E-1B29-41DE-963B-EF1B7733CD52}.Debug|Any CPU.Build.0 = Debug|Any CPU
		{DD4E187E-1B29-41DE-963B-EF1B7733CD52}.Release|Any CPU.ActiveCfg = Release|Any CPU
		{DD4E187E-1B29-41DE-963B-EF1B7733CD52}.Release|Any CPU.Build.0 = Release|Any CPU
	EndGlobalSection
EndGlobal
